Microsoft Visual Studio Solution File, Format Version 12.00
# Visual Studio Version 17
VisualStudioVersion = 17.8.34322.80
MinimumVisualStudioVersion = 10.0.40219.1
Project("{9A19103F-16F7-4668-BE54-9A1E7A4F7556}") = "SnakeGameCore", "SnakeGame\SnakeGameCore.csproj", "{3801B0C5-2755-48CA-8D1C-C1BFBF407330}"
EndProject
Project("{9A19103F-16F7-4668-BE54-9A1E7A4F7556}") = "SnakeGameConsole", "SnakeGameConsole\SnakeGameConsole.csproj", "{0F0EC500-15A5-481F-A9D8-886E24E3B20B}"
EndProject
Project("{9A19103F-16F7-4668-BE54-9A1E7A4F7556}") = "WebGL.Sample", "SnakeGameWebGL\WebGL.Sample.csproj", "{28F4B23C-4B84-496B-952A-0919E3D02B18}"
EndProject
Global
	GlobalSection(SolutionConfigurationPlatforms) = preSolution
		Debug|Any CPU = Debug|Any CPU
		Release|Any CPU = Release|Any CPU
	EndGlobalSection
	GlobalSection(ProjectConfigurationPlatforms) = postSolution
		{3801B0C5-2755-48CA-8D1C-C1BFBF407330}.Debug|Any CPU.ActiveCfg = Debug|Any CPU
		{3801B0C5-2755-48CA-8D1C-C1BFBF407330}.Debug|Any CPU.Build.0 = Debug|Any CPU
		{3801B0C5-2755-48CA-8D1C-C1BFBF407330}.Release|Any CPU.ActiveCfg = Release|Any CPU
		{3801B0C5-2755-48CA-8D1C-C1BFBF407330}.Release|Any CPU.Build.0 = Release|Any CPU
		{0F0EC500-15A5-481F-A9D8-886E24E3B20B}.Debug|Any CPU.ActiveCfg = Debug|Any CPU
		{0F0EC500-15A5-481F-A9D8-886E24E3B20B}.Debug|Any CPU.Build.0 = Debug|Any CPU
		{0F0EC500-15A5-481F-A9D8-886E24E3B20B}.Release|Any CPU.ActiveCfg = Release|Any CPU
		{0F0EC500-15A5-481F-A9D8-886E24E3B20B}.Release|Any CPU.Build.0 = Release|Any CPU
		{28F4B23C-4B84-496B-952A-0919E3D02B18}.Debug|Any CPU.ActiveCfg = Debug|Any CPU
		{28F4B23C-4B84-496B-952A-0919E3D02B18}.Debug|Any CPU.Build.0 = Debug|Any CPU
		{28F4B23C-4B84-496B-952A-0919E3D02B18}.Release|Any CPU.ActiveCfg = Release|Any CPU
		{28F4B23C-4B84-496B-952A-0919E3D02B18}.Release|Any CPU.Build.0 = Release|Any CPU
	EndGlobalSection
	GlobalSection(SolutionProperties) = preSolution
		HideSolutionNode = FALSE
	EndGlobalSection
	GlobalSection(ExtensibilityGlobals) = postSolution
		SolutionGuid = {CB0E85C7-40C8-47A5-93DD-4BB9927C0279}
	EndGlobalSection
EndGlobal
